
Microsoft Visual Studio Solution File, Format Version 12.00
# Visual Studio Version 17
VisualStudioVersion = 17.5.33414.496
MinimumVisualStudioVersion = 10.0.40219.1
Project("{FAE04EC0-301F-11D3-BF4B-00C04F79EFBC}") = "ExampleMod", "ExampleMod.csproj", "{BDDA1309-0639-4D7E-9CA5-E1CADB4D1D51}"
EndProject
Global
	GlobalSection(SolutionConfigurationPlatforms) = preSolution
		Debug|Any CPU = Debug|Any CPU
		Release|Any CPU = Release|Any CPU
	EndGlobalSection
	GlobalSection(ProjectConfigurationPlatforms) = postSolution
		{BDDA1309-0639-4D7E-9CA5-E1CADB4D1D51}.Debug|Any CPU.ActiveCfg = Debug|Any CPU
		{BDDA1309-0639-4D7E-9CA5-E1CADB4D1D51}.Debug|Any CPU.Build.0 = Debug|Any CPU
		{BDDA1309-0639-4D7E-9CA5-E1CADB4D1D51}.Release|Any CPU.ActiveCfg = Release|Any CPU
		{BDDA1309-0639-4D7E-9CA5-E1CADB4D1D51}.Release|Any CPU.Build.0 = Release|Any CPU
	EndGlobalSection
	GlobalSection(SolutionProperties) = preSolution
		HideSolutionNode = FALSE
	EndGlobalSection
	GlobalSection(ExtensibilityGlobals) = postSolution
		SolutionGuid = {FF949E4D-28E3-4E6F-9B77-1888C037BE3D}
	EndGlobalSection
EndGlobal
